PATH
  remote: .
  specs:
    cyborg (0.1.0)
      fiddle
      sequel
      sqlite3
      toml-rb
      tzinfo

GEM
  remote: https://rubygems.org/
  specs:
    bigdecimal (4.1.2)
    citrus (3.0.2)
    concurrent-ruby (1.3.8)
    drb (2.2.3)
    fiddle (1.1.8)
    minitest (6.0.6)
      drb (~> 2.0)
      prism (~> 1.5)
    prism (1.9.0)
    racc (1.8.1)
    rake (13.4.2)
    sequel (5.107.0)
      bigdecimal
    sqlite3 (2.9.6-arm64-darwin)
    toml-rb (4.2.1)
      citrus (~> 3.0, > 3.0)
      racc (~> 1.7)
    tzinfo (2.0.6)
      concurrent-ruby (~> 1.0)

PLATFORMS
  arm64-darwin

DEPENDENCIES
  cyborg!
  minitest
  rake

CHECKSUMS
  bigdecimal (4.1.2) sha256=53d217666027eab4280346fba98e7d5b66baaae1b9c3c1c0ffe89d48188a3fbd
  citrus (3.0.2) sha256=4ec2412fc389ad186735f4baee1460f7900a8e130ffe3f216b30d4f9c684f650
  concurrent-ruby (1.3.8) sha256=b2f1be836e968ccc78ccfce277ea79c72a88633f22306782c16ff23fb415d1e1
  cyborg (0.1.0)
  drb (2.2.3) sha256=0b00d6fdb50995fe4a45dea13663493c841112e4068656854646f418fda13373
  fiddle (1.1.8)
  minitest (6.0.6) sha256=153ea36d1d987a62942382b61075745042a2b3123b1cd48f4c3675af9cc7d6f1
  prism (1.9.0) sha256=7b530c6a9f92c24300014919c9dcbc055bf4cdf51ec30aed099b06cd6674ef85
  racc (1.8.1) sha256=4a7f6929691dbec8b5209a0b373bc2614882b55fc5d2e447a21aaa691303d62f
  rake (13.4.2) sha256=cb825b2bd5f1f8e91ca37bddb4b9aaf345551b4731da62949be002fa89283701
  sequel (5.107.0) sha256=019629313205295b007f6df2c5eab19ddc40710d549fd445ac300f2853a370db
  sqlite3 (2.9.6-arm64-darwin) sha256=849b5d7f795e60fe25076d62c72dd722beb45b3850b516ad978d60ee848ec15b
  toml-rb (4.2.1) sha256=e6c40e27905e86a7d38cc252eb4bc12d72c61576c826a358390c30f5de0b9dbb
  tzinfo (2.0.6) sha256=8daf828cc77bcf7d63b0e3bdb6caa47e2272dcfaf4fbfe46f8c3a9df087a829b

BUNDLED WITH
  4.0.6
